// !$*UTF8*$!
{
	archiveVersion = 1;
	classes = {
	};
	objectVersion = 46;
	objects = {

/* Begin PBXBuildFile section */
		E185DBA0196B479D00934001 /* AppDelegate.swift in Sources */ = {isa = PBXBuildFile; fileRef = E185DB9F196B479D00934001 /* AppDelegate.swift */; };
		E185DBA2196B479D00934001 /* ViewController.swift in Sources */ = {isa = PBXBuildFile; fileRef = E185DBA1196B479D00934001 /* ViewController.swift */; };
		E185DBA5196B479D00934001 /* Main.storyboard in Resources */ = {isa = PBXBuildFile; fileRef = E185DBA3196B479D00934001 /* Main.storyboard */; };
		E185DBA7196B479D00934001 /* Images.xcassets in Resources */ = {isa = PBXBuildFile; fileRef = E185DBA6196B479D00934001 /* Images.xcassets */; };
		E185DBB3196B479D00934001 /* ScreenshotsTests.swift in Sources */ = {isa = PBXBuildFile; fileRef = E185DBB2196B479D00934001 /* ScreenshotsTests.swift */; };
		E185DBBD196B47D700934001 /* Photos.framework in Frameworks */ = {isa = PBXBuildFile; fileRef = E185DBBC196B47D700934001 /* Photos.framework */; };
		E185DBBF196B485700934001 /* AVFoundation.framework in Frameworks */ = {isa = PBXBuildFile; fileRef = E185DBBE196B485700934001 /* AVFoundation.framework */; };
		E1A260C71971AB31002EAC59 /* NotificationCenter.framework in Frameworks */ = {isa = PBXBuildFile; fileRef = E1A260C61971AB31002EAC59 /* NotificationCenter.framework */; };
		E1A260CC1971AB31002EAC59 /* TodayViewController.swift in Sources */ = {isa = PBXBuildFile; fileRef = E1A260CB1971AB31002EAC59 /* TodayViewController.swift */; };
		E1A260CE1971AB31002EAC59 /* MainInterface.storyboard in Resources */ = {isa = PBXBuildFile; fileRef = E1A260CD1971AB31002EAC59 /* MainInterface.storyboard */; };
		E1A260D11971AB31002EAC59 /* Screenshots-Widget.appex in Embed App Extensions */ = {isa = PBXBuildFile; fileRef = E1A260C41971AB31002EAC59 /* Screenshots-Widget.appex */; };
		E1A260D91971AF2D002EAC59 /* PhotosHelper.swift in Sources */ = {isa = PBXBuildFile; fileRef = E1A260D81971AF2D002EAC59 /* PhotosHelper.swift */; };
		E1A260DA1971AF2D002EAC59 /* PhotosHelper.swift in Sources */ = {isa = PBXBuildFile; fileRef = E1A260D81971AF2D002EAC59 /* PhotosHelper.swift */; };
		E1A260DC1971C30E002EAC59 /* Screenshot.swift in Sources */ = {isa = PBXBuildFile; fileRef = E1A260DB1971C30E002EAC59 /* Screenshot.swift */; };
		E1A260DD1971C30E002EAC59 /* Screenshot.swift in Sources */ = {isa = PBXBuildFile; fileRef = E1A260DB1971C30E002EAC59 /* Screenshot.swift */; };
		E1A260DE19720E47002EAC59 /* ViewController.swift in Sources */ = {isa = PBXBuildFile; fileRef = E185DBA1196B479D00934001 /* ViewController.swift */; };
		E1DF3C631996A76000E53E42 /* Storyboard.storyboard in Resources */ = {isa = PBXBuildFile; fileRef = E1DF3C621996A76000E53E42 /* Storyboard.storyboard */; };
		E1DF3C651996AF7300E53E42 /* UIClosure.swift in Sources */ = {isa = PBXBuildFile; fileRef = E1DF3C641996AF7300E53E42 /* UIClosure.swift */; };
		E1DF3C661996B5C000E53E42 /* UIClosure.swift in Sources */ = {isa = PBXBuildFile; fileRef = E1DF3C641996AF7300E53E42 /* UIClosure.swift */; };
/* End PBXBuildFile section */

/* Begin PBXContainerItemProxy section */
		E185DBAD196B479D00934001 /* PBXContainerItemProxy */ = {
			isa = PBXContainerItemProxy;
			containerPortal = E185DB92196B479D00934001 /* Project object */;
			proxyType = 1;
			remoteGlobalIDString = E185DB99196B479D00934001;
			remoteInfo = Screenshots;
		};
		E1A260CF1971AB31002EAC59 /* PBXContainerItemProxy */ = {
			isa = PBXContainerItemProxy;
			containerPortal = E185DB92196B479D00934001 /* Project object */;
			proxyType = 1;
			remoteGlobalIDString = E1A260C31971AB31002EAC59;
			remoteInfo = "Screenshots-Widget";
		};
		E1A260D21971AB31002EAC59 /* PBXContainerItemProxy */ = {
			isa = PBXContainerItemProxy;
			containerPortal = E185DB92196B479D00934001 /* Project object */;
			proxyType = 1;
			remoteGlobalIDString = E1A260C31971AB31002EAC59;
			remoteInfo = "Screenshots-Widget";
		};
/* End PBXContainerItemProxy section */

/* Begin PBXCopyFilesBuildPhase section */
		E1A260D71971AB31002EAC59 /* Embed App Extensions */ = {
			isa = PBXCopyFilesBuildPhase;
			buildActionMask = 2147483647;
			dstPath = "";
			dstSubfolderSpec = 13;
			files = (
				E1A260D11971AB31002EAC59 /* Screenshots-Widget.appex in Embed App Extensions */,
			);
			name = "Embed App Extensions";
			runOnlyForDeploymentPostprocessing = 0;
		};
/* End PBXCopyFilesBuildPhase section */

/* Begin PBXFileReference section */
		E185DB9A196B479D00934001 /* Screenshots.app */ = {isa = PBXFileReference; explicitFileType = wrapper.application; includeInIndex = 0; path = Screenshots.app; sourceTree = BUILT_PRODUCTS_DIR; };
		E185DB9E196B479D00934001 /* Info.plist */ = {isa = PBXFileReference; lastKnownFileType = text.plist.xml; path = Info.plist; sourceTree = "<group>"; };
		E185DB9F196B479D00934001 /* AppDelegate.swift */ = {isa = PBXFileReference; lastKnownFileType = sourcecode.swift; path = AppDelegate.swift; sourceTree = "<group>"; };
		E185DBA1196B479D00934001 /* ViewController.swift */ = {isa = PBXFileReference; lastKnownFileType = sourcecode.swift; path = ViewController.swift; sourceTree = "<group>"; };
		E185DBA4196B479D00934001 /* Base */ = {isa = PBXFileReference; lastKnownFileType = file.storyboard; name = Base; path = Base.lproj/Main.storyboard; sourceTree = "<group>"; };
		E185DBA6196B479D00934001 /* Images.xcassets */ = {isa = PBXFileReference; lastKnownFileType = folder.assetcatalog; path = Images.xcassets; sourceTree = "<group>"; };
		E185DBAC196B479D00934001 /* ScreenshotsTests.xctest */ = {isa = PBXFileReference; explicitFileType = wrapper.cfbundle; includeInIndex = 0; path = ScreenshotsTests.xctest; sourceTree = BUILT_PRODUCTS_DIR; };
		E185DBB1196B479D00934001 /* Info.plist */ = {isa = PBXFileReference; lastKnownFileType = text.plist.xml; path = Info.plist; sourceTree = "<group>"; };
		E185DBB2196B479D00934001 /* ScreenshotsTests.swift */ = {isa = PBXFileReference; lastKnownFileType = sourcecode.swift; path = ScreenshotsTests.swift; sourceTree = "<group>"; };
		E185DBBC196B47D700934001 /* Photos.framework */ = {isa = PBXFileReference; lastKnownFileType = wrapper.framework; name = Photos.framework; path = System/Library/Frameworks/Photos.framework; sourceTree = SDKROOT; };
		E185DBBE196B485700934001 /* AVFoundation.framework */ = {isa = PBXFileReference; lastKnownFileType = wrapper.framework; name = AVFoundation.framework; path = System/Library/Frameworks/AVFoundation.framework; sourceTree = SDKROOT; };
		E1A260C41971AB31002EAC59 /* Screenshots-Widget.appex */ = {isa = PBXFileReference; explicitFileType = "wrapper.app-extension"; includeInIndex = 0; path = "Screenshots-Widget.appex"; sourceTree = BUILT_PRODUCTS_DIR; };
		E1A260C61971AB31002EAC59 /* NotificationCenter.framework */ = {isa = PBXFileReference; lastKnownFileType = wrapper.framework; name = NotificationCenter.framework; path = System/Library/Frameworks/NotificationCenter.framework; sourceTree = SDKROOT; };
		E1A260CA1971AB31002EAC59 /* Info.plist */ = {isa = PBXFileReference; lastKnownFileType = text.plist.xml; path = Info.plist; sourceTree = "<group>"; };
		E1A260CB1971AB31002EAC59 /* TodayViewController.swift */ = {isa = PBXFileReference; lastKnownFileType = sourcecode.swift; path = TodayViewController.swift; sourceTree = "<group>"; };
		E1A260CD1971AB31002EAC59 /* MainInterface.storyboard */ = {isa = PBXFileReference; lastKnownFileType = file.storyboard; path = MainInterface.storyboard; sourceTree = "<group>"; };
		E1A260D81971AF2D002EAC59 /* PhotosHelper.swift */ = {isa = PBXFileReference; fileEncoding = 4; lastKnownFileType = sourcecode.swift; name = PhotosHelper.swift; path = Shared/PhotosHelper.swift; sourceTree = SOURCE_ROOT; };
		E1A260DB1971C30E002EAC59 /* Screenshot.swift */ = {isa = PBXFileReference; fileEncoding = 4; lastKnownFileType = sourcecode.swift; path = Screenshot.swift; sourceTree = "<group>"; };
		E1DF3C621996A76000E53E42 /* Storyboard.storyboard */ = {isa = PBXFileReference; fileEncoding = 4; lastKnownFileType = file.storyboard; path = Storyboard.storyboard; sourceTree = "<group>"; };
		E1DF3C641996AF7300E53E42 /* UIClosure.swift */ = {isa = PBXFileReference; fileEncoding = 4; lastKnownFileType = sourcecode.swift; path = UIClosure.swift; sourceTree = "<group>"; };
/* End PBXFileReference section */

/* Begin PBXFrameworksBuildPhase section */
		E185DB97196B479D00934001 /* Frameworks */ = {
			isa = PBXFrameworksBuildPhase;
			buildActionMask = 2147483647;
			files = (
				E185DBBF196B485700934001 /* AVFoundation.framework in Frameworks */,
				E185DBBD196B47D700934001 /* Photos.framework in Frameworks */,
			);
			runOnlyForDeploymentPostprocessing = 0;
		};
		E185DBA9196B479D00934001 /* Frameworks */ = {
			isa = PBXFrameworksBuildPhase;
			buildActionMask = 2147483647;
			files = (
			);
			runOnlyForDeploymentPostprocessing = 0;
		};
		E1A260C11971AB31002EAC59 /* Frameworks */ = {
			isa = PBXFrameworksBuildPhase;
			buildActionMask = 2147483647;
			files = (
				E1A260C71971AB31002EAC59 /* NotificationCenter.framework in Frameworks */,
			);
			runOnlyForDeploymentPostprocessing = 0;
		};
/* End PBXFrameworksBuildPhase section */

/* Begin PBXGroup section */
		E185DB91196B479D00934001 = {
			isa = PBXGroup;
			children = (
				E185DBBE196B485700934001 /* AVFoundation.framework */,
				E185DB9C196B479D00934001 /* Screenshots */,
				E185DBAF196B479D00934001 /* ScreenshotsTests */,
				E1A260C81971AB31002EAC59 /* Screenshots-Widget */,
				E1A260C51971AB31002EAC59 /* Frameworks */,
				E185DB9B196B479D00934001 /* Products */,
			);
			sourceTree = "<group>";
		};
		E185DB9B196B479D00934001 /* Products */ = {
			isa = PBXGroup;
			children = (
				E185DB9A196B479D00934001 /* Screenshots.app */,
				E185DBAC196B479D00934001 /* ScreenshotsTests.xctest */,
				E1A260C41971AB31002EAC59 /* Screenshots-Widget.appex */,
			);
			name = Products;
			sourceTree = "<group>";
		};
		E185DB9C196B479D00934001 /* Screenshots */ = {
			isa = PBXGroup;
			children = (
				E185DB9F196B479D00934001 /* AppDelegate.swift */,
				E1DF3C621996A76000E53E42 /* Storyboard.storyboard */,
				E185DBA1196B479D00934001 /* ViewController.swift */,
				E1DF3C641996AF7300E53E42 /* UIClosure.swift */,
				E1A260D81971AF2D002EAC59 /* PhotosHelper.swift */,
				E1A260DB1971C30E002EAC59 /* Screenshot.swift */,
				E185DBA3196B479D00934001 /* Main.storyboard */,
				E185DBA6196B479D00934001 /* Images.xcassets */,
				E185DB9D196B479D00934001 /* Supporting Files */,
			);
			path = Screenshots;
			sourceTree = "<group>";
		};
		E185DB9D196B479D00934001 /* Supporting Files */ = {
			isa = PBXGroup;
			children = (
				E185DBBC196B47D700934001 /* Photos.framework */,
				E185DB9E196B479D00934001 /* Info.plist */,
			);
			name = "Supporting Files";
			sourceTree = "<group>";
		};
		E185DBAF196B479D00934001 /* ScreenshotsTests */ = {
			isa = PBXGroup;
			children = (
				E185DBB2196B479D00934001 /* ScreenshotsTests.swift */,
				E185DBB0196B479D00934001 /* Supporting Files */,
			);
			path = ScreenshotsTests;
			sourceTree = "<group>";
		};
		E185DBB0196B479D00934001 /* Supporting Files */ = {
			isa = PBXGroup;
			children = (
				E185DBB1196B479D00934001 /* Info.plist */,
			);
			name = "Supporting Files";
			sourceTree = "<group>";
		};
		E1A260C51971AB31002EAC59 /* Frameworks */ = {
			isa = PBXGroup;
			children = (
				E1A260C61971AB31002EAC59 /* NotificationCenter.framework */,
			);
			name = Frameworks;
			sourceTree = "<group>";
		};
		E1A260C81971AB31002EAC59 /* Screenshots-Widget */ = {
			isa = PBXGroup;
			children = (
				E1A260CB1971AB31002EAC59 /* TodayViewController.swift */,
				E1A260CD1971AB31002EAC59 /* MainInterface.storyboard */,
				E1A260C91971AB31002EAC59 /* Supporting Files */,
			);
			path = "Screenshots-Widget";
			sourceTree = "<group>";
		};
		E1A260C91971AB31002EAC59 /* Supporting Files */ = {
			isa = PBXGroup;
			children = (
				E1A260CA1971AB31002EAC59 /* Info.plist */,
			);
			name = "Supporting Files";
			sourceTree = "<group>";
		};
/* End PBXGroup section */

/* Begin PBXNativeTarget section */
		E185DB99196B479D00934001 /* Screenshots */ = {
			isa = PBXNativeTarget;
			buildConfigurationList = E185DBB6196B479D00934001 /* Build configuration list for PBXNativeTarget "Screenshots" */;
			buildPhases = (
				E185DB96196B479D00934001 /* Sources */,
				E185DB97196B479D00934001 /* Frameworks */,
				E185DB98196B479D00934001 /* Resources */,
				E1A260D71971AB31002EAC59 /* Embed App Extensions */,
			);
			buildRules = (
			);
			dependencies = (
				E1A260D01971AB31002EAC59 /* PBXTargetDependency */,
				E1A260D31971AB31002EAC59 /* PBXTargetDependency */,
			);
			name = Screenshots;
			productName = Screenshots;
			productReference = E185DB9A196B479D00934001 /* Screenshots.app */;
			productType = "com.apple.product-type.application";
		};
		E185DBAB196B479D00934001 /* ScreenshotsTests */ = {
			isa = PBXNativeTarget;
			buildConfigurationList = E185DBB9196B479D00934001 /* Build configuration list for PBXNativeTarget "ScreenshotsTests" */;
			buildPhases = (
				E185DBA8196B479D00934001 /* Sources */,
				E185DBA9196B479D00934001 /* Frameworks */,
				E185DBAA196B479D00934001 /* Resources */,
			);
			buildRules = (
			);
			dependencies = (
				E185DBAE196B479D00934001 /* PBXTargetDependency */,
			);
			name = ScreenshotsTests;
			productName = ScreenshotsTests;
			productReference = E185DBAC196B479D00934001 /* ScreenshotsTests.xctest */;
			productType = "com.apple.product-type.bundle.unit-test";
		};
		E1A260C31971AB31002EAC59 /* Screenshots-Widget */ = {
			isa = PBXNativeTarget;
			buildConfigurationList = E1A260D61971AB31002EAC59 /* Build configuration list for PBXNativeTarget "Screenshots-Widget" */;
			buildPhases = (
				E1A260C01971AB31002EAC59 /* Sources */,
				E1A260C11971AB31002EAC59 /* Frameworks */,
				E1A260C21971AB31002EAC59 /* Resources */,
			);
			buildRules = (
			);
			dependencies = (
			);
			name = "Screenshots-Widget";
			productName = "Screenshots-Widget";
			productReference = E1A260C41971AB31002EAC59 /* Screenshots-Widget.appex */;
			productType = "com.apple.product-type.app-extension";
		};
/* End PBXNativeTarget section */

/* Begin PBXProject section */
		E185DB92196B479D00934001 /* Project object */ = {
			isa = PBXProject;
			attributes = {
				LastUpgradeCheck = 0600;
				ORGANIZATIONNAME = "Jorge Izquierdo";
				TargetAttributes = {
					E185DB99196B479D00934001 = {
						CreatedOnToolsVersion = 6.0;
					};
					E185DBAB196B479D00934001 = {
						CreatedOnToolsVersion = 6.0;
						TestTargetID = E185DB99196B479D00934001;
					};
					E1A260C31971AB31002EAC59 = {
						CreatedOnToolsVersion = 6.0;
					};
				};
			};
			buildConfigurationList = E185DB95196B479D00934001 /* Build configuration list for PBXProject "Screenshots" */;
			compatibilityVersion = "Xcode 3.2";
			developmentRegion = English;
			hasScannedForEncodings = 0;
			knownRegions = (
				en,
				Base,
			);
			mainGroup = E185DB91196B479D00934001;
			productRefGroup = E185DB9B196B479D00934001 /* Products */;
			projectDirPath = "";
			projectRoot = "";
			targets = (
				E185DB99196B479D00934001 /* Screenshots */,
				E185DBAB196B479D00934001 /* ScreenshotsTests */,
				E1A260C31971AB31002EAC59 /* Screenshots-Widget */,
			);
		};
/* End PBXProject section */

/* Begin PBXResourcesBuildPhase section */
		E185DB98196B479D00934001 /* Resources */ = {
			isa = PBXResourcesBuildPhase;
			buildActionMask = 2147483647;
			files = (
				E185DBA5196B479D00934001 /* Main.storyboard in Resources */,
				E185DBA7196B479D00934001 /* Images.xcassets in Resources */,
				E1DF3C631996A76000E53E42 /* Storyboard.storyboard in Resources */,
			);
			runOnlyForDeploymentPostprocessing = 0;
		};
		E185DBAA196B479D00934001 /* Resources */ = {
			isa = PBXResourcesBuildPhase;
			buildActionMask = 2147483647;
			files = (
			);
			runOnlyForDeploymentPostprocessing = 0;
		};
		E1A260C21971AB31002EAC59 /* Resources */ = {
			isa = PBXResourcesBuildPhase;
			buildActionMask = 2147483647;
			files = (
				E1A260CE1971AB31002EAC59 /* MainInterface.storyboard in Resources */,
			);
			runOnlyForDeploymentPostprocessing = 0;
		};
/* End PBXResourcesBuildPhase section */

/* Begin PBXSourcesBuildPhase section */
		E185DB96196B479D00934001 /* Sources */ = {
			isa = PBXSourcesBuildPhase;
			buildActionMask = 2147483647;
			files = (
				E185DBA2196B479D00934001 /* ViewController.swift in Sources */,
				E1A260DC1971C30E002EAC59 /* Screenshot.swift in Sources */,
				E185DBA0196B479D00934001 /* AppDelegate.swift in Sources */,
				E1A260D91971AF2D002EAC59 /* PhotosHelper.swift in Sources */,
				E1DF3C651996AF7300E53E42 /* UIClosure.swift in Sources */,
			);
			runOnlyForDeploymentPostprocessing = 0;
		};
		E185DBA8196B479D00934001 /* Sources */ = {
			isa = PBXSourcesBuildPhase;
			buildActionMask = 2147483647;
			files = (
				E185DBB3196B479D00934001 /* ScreenshotsTests.swift in Sources */,
			);
			runOnlyForDeploymentPostprocessing = 0;
		};
		E1A260C01971AB31002EAC59 /* Sources */ = {
			isa = PBXSourcesBuildPhase;
			buildActionMask = 2147483647;
			files = (
				E1A260DA1971AF2D002EAC59 /* PhotosHelper.swift in Sources */,
				E1A260DD1971C30E002EAC59 /* Screenshot.swift in Sources */,
				E1A260DE19720E47002EAC59 /* ViewController.swift in Sources */,
				E1A260CC1971AB31002EAC59 /* TodayViewController.swift in Sources */,
				E1DF3C661996B5C000E53E42 /* UIClosure.swift in Sources */,
			);
			runOnlyForDeploymentPostprocessing = 0;
		};
/* End PBXSourcesBuildPhase section */

/* Begin PBXTargetDependency section */
		E185DBAE196B479D00934001 /* PBXTargetDependency */ = {
			isa = PBXTargetDependency;
			target = E185DB99196B479D00934001 /* Screenshots */;
			targetProxy = E185DBAD196B479D00934001 /* PBXContainerItemProxy */;
		};
		E1A260D01971AB31002EAC59 /* PBXTargetDependency */ = {
			isa = PBXTargetDependency;
			target = E1A260C31971AB31002EAC59 /* Screenshots-Widget */;
			targetProxy = E1A260CF1971AB31002EAC59 /* PBXContainerItemProxy */;
		};
		E1A260D31971AB31002EAC59 /* PBXTargetDependency */ = {
			isa = PBXTargetDependency;
			target = E1A260C31971AB31002EAC59 /* Screenshots-Widget */;
			targetProxy = E1A260D21971AB31002EAC59 /* PBXContainerItemProxy */;
		};
/* End PBXTargetDependency section */

/* Begin PBXVariantGroup section */
		E185DBA3196B479D00934001 /* Main.storyboard */ = {
			isa = PBXVariantGroup;
			children = (
				E185DBA4196B479D00934001 /* Base */,
			);
			name = Main.storyboard;
			sourceTree = "<group>";
		};
/* End PBXVariantGroup section */

/* Begin XCBuildConfiguration section */
		E185DBB4196B479D00934001 /* Debug */ = {
			isa = XCBuildConfiguration;
			buildSettings = {
				ALWAYS_SEARCH_USER_PATHS = NO;
				CLANG_CXX_LANGUAGE_STANDARD = "gnu++0x";
				CLANG_CXX_LIBRARY = "libc++";
				CLANG_ENABLE_MODULES = YES;
				CLANG_ENABLE_OBJC_ARC = YES;
				CLANG_WARN_BOOL_CONVERSION = YES;
				CLANG_WARN_CONSTANT_CONVERSION = YES;
				CLANG_WARN_DIRECT_OBJC_ISA_USAGE = YES_ERROR;
				CLANG_WARN_EMPTY_BODY = YES;
				CLANG_WARN_ENUM_CONVERSION = YES;
				CLANG_WARN_INT_CONVERSION = YES;
				CLANG_WARN_OBJC_ROOT_CLASS = YES_ERROR;
				CLANG_WARN_UNREACHABLE_CODE = YES;
				CLANG_WARN__DUPLICATE_METHOD_MATCH = YES;
				"CODE_SIGN_IDENTITY[sdk=iphoneos*]" = "iPhone Developer";
				COPY_PHASE_STRIP = NO;
				ENABLE_STRICT_OBJC_MSGSEND = YES;
				GCC_C_LANGUAGE_STANDARD = gnu99;
				GCC_DYNAMIC_NO_PIC = NO;
				GCC_OPTIMIZATION_LEVEL = 0;
				GCC_PREPROCESSOR_DEFINITIONS = (
					"DEBUG=1",
					"$(inherited)",
				);
				GCC_SYMBOLS_PRIVATE_EXTERN = NO;
				GCC_WARN_64_TO_32_BIT_CONVERSION = YES;
				GCC_WARN_ABOUT_RETURN_TYPE = YES_ERROR;
				GCC_WARN_UNDECLARED_SELECTOR = YES;
				GCC_WARN_UNINITIALIZED_AUTOS = YES_AGGRESSIVE;
				GCC_WARN_UNUSED_FUNCTION = YES;
				GCC_WARN_UNUSED_VARIABLE = YES;
				IPHONEOS_DEPLOYMENT_TARGET = 8.0;
				METAL_ENABLE_DEBUG_INFO = YES;
				ONLY_ACTIVE_ARCH = YES;
				SDKROOT = iphoneos;
				SWIFT_OPTIMIZATION_LEVEL = "-Onone";
				TARGETED_DEVICE_FAMILY = "1,2";
			};
			name = Debug;
		};
		E185DBB5196B479D00934001 /* Release */ = {
			isa = XCBuildConfiguration;
			buildSettings = {
				ALWAYS_SEARCH_USER_PATHS = NO;
				CLANG_CXX_LANGUAGE_STANDARD = "gnu++0x";
				CLANG_CXX_LIBRARY = "libc++";
				CLANG_ENABLE_MODULES = YES;
				CLANG_ENABLE_OBJC_ARC = YES;
				CLANG_WARN_BOOL_CONVERSION = YES;
				CLANG_WARN_CONSTANT_CONVERSION = YES;
				CLANG_WARN_DIRECT_OBJC_ISA_USAGE = YES_ERROR;
				CLANG_WARN_EMPTY_BODY = YES;
				CLANG_WARN_ENUM_CONVERSION = YES;
				CLANG_WARN_INT_CONVERSION = YES;
				CLANG_WARN_OBJC_ROOT_CLASS = YES_ERROR;
				CLANG_WARN_UNREACHABLE_CODE = YES;
				CLANG_WARN__DUPLICATE_METHOD_MATCH = YES;
				"CODE_SIGN_IDENTITY[sdk=iphoneos*]" = "iPhone Developer";
				COPY_PHASE_STRIP = YES;
				ENABLE_NS_ASSERTIONS = NO;
				ENABLE_STRICT_OBJC_MSGSEND = YES;
				GCC_C_LANGUAGE_STANDARD = gnu99;
				GCC_WARN_64_TO_32_BIT_CONVERSION = YES;
				GCC_WARN_ABOUT_RETURN_TYPE = YES_ERROR;
				GCC_WARN_UNDECLARED_SELECTOR = YES;
				GCC_WARN_UNINITIALIZED_AUTOS = YES_AGGRESSIVE;
				GCC_WARN_UNUSED_FUNCTION = YES;
				GCC_WARN_UNUSED_VARIABLE = YES;
				IPHONEOS_DEPLOYMENT_TARGET = 8.0;
				METAL_ENABLE_DEBUG_INFO = NO;
				SDKROOT = iphoneos;
				TARGETED_DEVICE_FAMILY = "1,2";
				VALIDATE_PRODUCT = YES;
			};
			name = Release;
		};
		E185DBB7196B479D00934001 /* Debug */ = {
			isa = XCBuildConfiguration;
			buildSettings = {
				ASSETCATALOG_COMPILER_APPICON_NAME = AppIcon;
				ASSETCATALOG_COMPILER_LAUNCHIMAGE_NAME = LaunchImage;
				INFOPLIST_FILE = Screenshots/Info.plist;
				LD_RUNPATH_SEARCH_PATHS = "$(inherited) @executable_path/Frameworks";
				PRODUCT_NAME = "$(TARGET_NAME)";
				PROVISIONING_PROFILE = "EBEAFB05-4026-467F-A401-483053AB1376";
			};
			name = Debug;
		};
		E185DBB8196B479D00934001 /* Release */ = {
			isa = XCBuildConfiguration;
			buildSettings = {
				ASSETCATALOG_COMPILER_APPICON_NAME = AppIcon;
				ASSETCATALOG_COMPILER_LAUNCHIMAGE_NAME = LaunchImage;
				INFOPLIST_FILE = Screenshots/Info.plist;
				LD_RUNPATH_SEARCH_PATHS = "$(inherited) @executable_path/Frameworks";
				PRODUCT_NAME = "$(TARGET_NAME)";
				PROVISIONING_PROFILE = "EBEAFB05-4026-467F-A401-483053AB1376";
			};
			name = Release;
		};
		E185DBBA196B479D00934001 /* Debug */ = {
			isa = XCBuildConfiguration;
			buildSettings = {
				BUNDLE_LOADER = "$(BUILT_PRODUCTS_DIR)/Screenshots.app/Screenshots";
				FRAMEWORK_SEARCH_PATHS = (
					"$(SDKROOT)/Developer/Library/Frameworks",
					"$(inherited)",
				);
				GCC_PREPROCESSOR_DEFINITIONS = (
					"DEBUG=1",
					"$(inherited)",
				);
				INFOPLIST_FILE = ScreenshotsTests/Info.plist;
				LD_RUNPATH_SEARCH_PATHS = "$(inherited) @executable_path/Frameworks @loader_path/Frameworks";
				METAL_ENABLE_DEBUG_INFO = YES;
				PRODUCT_NAME = "$(TARGET_NAME)";
				TEST_HOST = "$(BUNDLE_LOADER)";
			};
			name = Debug;
		};
		E185DBBB196B479D00934001 /* Release */ = {
			isa = XCBuildConfiguration;
			buildSettings = {
				BUNDLE_LOADER = "$(BUILT_PRODUCTS_DIR)/Screenshots.app/Screenshots";
				FRAMEWORK_SEARCH_PATHS = (
					"$(SDKROOT)/Developer/Library/Frameworks",
					"$(inherited)",
				);
				INFOPLIST_FILE = ScreenshotsTests/Info.plist;
				LD_RUNPATH_SEARCH_PATHS = "$(inherited) @executable_path/Frameworks @loader_path/Frameworks";
				METAL_ENABLE_DEBUG_INFO = NO;
				PRODUCT_NAME = "$(TARGET_NAME)";
				TEST_HOST = "$(BUNDLE_LOADER)";
			};
			name = Release;
		};
		E1A260D41971AB31002EAC59 /* Debug */ = {
			isa = XCBuildConfiguration;
			buildSettings = {
				GCC_PREPROCESSOR_DEFINITIONS = (
					"DEBUG=1",
					"$(inherited)",
				);
				INFOPLIST_FILE = "Screenshots-Widget/Info.plist";
				LD_RUNPATH_SEARCH_PATHS = "$(inherited) @executable_path/Frameworks @executable_path/../../Frameworks";
				MTL_ENABLE_DEBUG_INFO = YES;
				PRODUCT_NAME = "$(TARGET_NAME)";
				SKIP_INSTALL = YES;
			};
			name = Debug;
		};
		E1A260D51971AB31002EAC59 /* Release */ = {
			isa = XCBuildConfiguration;
			buildSettings = {
				INFOPLIST_FILE = "Screenshots-Widget/Info.plist";
				LD_RUNPATH_SEARCH_PATHS = "$(inherited) @executable_path/Frameworks @executable_path/../../Frameworks";
				MTL_ENABLE_DEBUG_INFO = NO;
				PRODUCT_NAME = "$(TARGET_NAME)";
				SKIP_INSTALL = YES;
			};
			name = Release;
		};
/* End XCBuildConfiguration section */

/* Begin XCConfigurationList section */
		E185DB95196B479D00934001 /* Build configuration list for PBXProject "Screenshots" */ = {
			isa = XCConfigurationList;
			buildConfigurations = (
				E185DBB4196B479D00934001 /* Debug */,
				E185DBB5196B479D00934001 /* Release */,
			);
			defaultConfigurationIsVisible = 0;
			defaultConfigurationName = Release;
		};
		E185DBB6196B479D00934001 /* Build configuration list for PBXNativeTarget "Screenshots" */ = {
			isa = XCConfigurationList;
			buildConfigurations = (
				E185DBB7196B479D00934001 /* Debug */,
				E185DBB8196B479D00934001 /* Release */,
			);
			defaultConfigurationIsVisible = 0;
			defaultConfigurationName = Release;
		};
		E185DBB9196B479D00934001 /* Build configuration list for PBXNativeTarget "ScreenshotsTests" */ = {
			isa = XCConfigurationList;
			buildConfigurations = (
				E185DBBA196B479D00934001 /* Debug */,
				E185DBBB196B479D00934001 /* Release */,
			);
			defaultConfigurationIsVisible = 0;
			defaultConfigurationName = Release;
		};
		E1A260D61971AB31002EAC59 /* Build configuration list for PBXNativeTarget "Screenshots-Widget" */ = {
			isa = XCConfigurationList;
			buildConfigurations = (
				E1A260D41971AB31002EAC59 /* Debug */,
				E1A260D51971AB31002EAC59 /* Release */,
			);
			defaultConfigurationIsVisible = 0;
			defaultConfigurationName = Release;
		};
/* End XCConfigurationList section */
	};
	rootObject = E185DB92196B479D00934001 /* Project object */;
}
